
Microsoft Visual Studio Solution File, Format Version 12.00
# Visual Studio Version 17
VisualStudioVersion = 17.4.33213.308
MinimumVisualStudioVersion = 10.0.40219.1
Project("{FAE04EC0-301F-11D3-BF4B-00C04F79EFBC}") = "FT.ApiDotNet6.Domain", "FT.ApiDotNet6.Domain\FT.ApiDotNet6.Domain.csproj", "{5FEE891F-9F58-452D-BFA2-CAF14DB63CD8}"
EndProject
Project("{FAE04EC0-301F-11D3-BF4B-00C04F79EFBC}") = "FT.ApiDotNet6.Application", "FT.ApiDotNet6.Application\FT.ApiDotNet6.Application.csproj", "{0B6ACAE0-1CDD-4514-BD1E-7442066498E7}"
EndProject
Project("{FAE04EC0-301F-11D3-BF4B-00C04F79EFBC}") = "FT.ApiDotNet6.Infra.Data", "FT.ApiDotNet6.Infra.Data\FT.ApiDotNet6.Infra.Data.csproj", "{8EEC4B77-E2E1-4623-81E7-544BEFFF628C}"
EndProject
Project("{FAE04EC0-301F-11D3-BF4B-00C04F79EFBC}") = "FT.ApiDotNet6.Infra.IoC", "FT.ApiDotNet6.Infra.IoC\FT.ApiDotNet6.Infra.IoC.csproj", "{BD5C86AE-5D4F-41BF-A0E2-2E1E15518400}"
EndProject
Project("{FAE04EC0-301F-11D3-BF4B-00C04F79EFBC}") = "FT.ApiDotNet6.Api", "FT.ApiDotNet6.Api\FT.ApiDotNet6.Api.csproj", "{36544BD7-88CD-46B0-8A86-E38355C1BE81}"
EndProject
Global
	GlobalSection(SolutionConfigurationPlatforms) = preSolution
		Debug|Any CPU = Debug|Any CPU
		Release|Any CPU = Release|Any CPU
	EndGlobalSection
	GlobalSection(ProjectConfigurationPlatforms) = postSolution
		{5FEE891F-9F58-452D-BFA2-CAF14DB63CD8}.Debug|Any CPU.ActiveCfg = Debug|Any CPU
		{5FEE891F-9F58-452D-BFA2-CAF14DB63CD8}.Debug|Any CPU.Build.0 = Debug|Any CPU
		{5FEE891F-9F58-452D-BFA2-CAF14DB63CD8}.Release|Any CPU.ActiveCfg = Release|Any CPU
		{5FEE891F-9F58-452D-BFA2-CAF14DB63CD8}.Release|Any CPU.Build.0 = Release|Any CPU
		{0B6ACAE0-1CDD-4514-BD1E-7442066498E7}.Debug|Any CPU.ActiveCfg = Debug|Any CPU
		{0B6ACAE0-1CDD-4514-BD1E-7442066498E7}.Debug|Any CPU.Build.0 = Debug|Any CPU
		{0B6ACAE0-1CDD-4514-BD1E-7442066498E7}.Release|Any CPU.ActiveCfg = Release|Any CPU
		{0B6ACAE0-1CDD-4514-BD1E-7442066498E7}.Release|Any CPU.Build.0 = Release|Any CPU
		{8EEC4B77-E2E1-4623-81E7-544BEFFF628C}.Debug|Any CPU.ActiveCfg = Debug|Any CPU
		{8EEC4B77-E2E1-4623-81E7-544BEFFF628C}.Debug|Any CPU.Build.0 = Debug|Any CPU
		{8EEC4B77-E2E1-4623-81E7-544BEFFF628C}.Release|Any CPU.ActiveCfg = Release|Any CPU
		{8EEC4B77-E2E1-4623-81E7-544BEFFF628C}.Release|Any CPU.Build.0 = Release|Any CPU
		{BD5C86AE-5D4F-41BF-A0E2-2E1E15518400}.Debug|Any CPU.ActiveCfg = Debug|Any CPU
		{BD5C86AE-5D4F-41BF-A0E2-2E1E15518400}.Debug|Any CPU.Build.0 = Debug|Any CPU
		{BD5C86AE-5D4F-41BF-A0E2-2E1E15518400}.Release|Any CPU.ActiveCfg = Release|Any CPU
		{BD5C86AE-5D4F-41BF-A0E2-2E1E15518400}.Release|Any CPU.Build.0 = Release|Any CPU
		{36544BD7-88CD-46B0-8A86-E38355C1BE81}.Debug|Any CPU.ActiveCfg = Debug|Any CPU
		{36544BD7-88CD-46B0-8A86-E38355C1BE81}.Debug|Any CPU.Build.0 = Debug|Any CPU
		{36544BD7-88CD-46B0-8A86-E38355C1BE81}.Release|Any CPU.ActiveCfg = Release|Any CPU
		{36544BD7-88CD-46B0-8A86-E38355C1BE81}.Release|Any CPU.Build.0 = Release|Any CPU
	EndGlobalSection
	GlobalSection(SolutionProperties) = preSolution
		HideSolutionNode = FALSE
	EndGlobalSection
	GlobalSection(ExtensibilityGlobals) = postSolution
		SolutionGuid = {DF86CDCE-F701-4174-8811-04657A1F2530}
	EndGlobalSection
EndGlobal
